
Microsoft Visual Studio Solution File, Format Version 12.00
# Visual Studio Version 16
VisualStudioVersion = 16.0.31424.327
MinimumVisualStudioVersion = 10.0.40219.1
Project("{FAE04EC0-301F-11D3-BF4B-00C04F79EFBC}") = "BankConsoleUI", "BankConsoleUI\BankConsoleUI.csproj", "{38AA210B-9401-43FD-A96A-8A15E762BAE6}"
EndProject
Project("{FAE04EC0-301F-11D3-BF4B-00C04F79EFBC}") = "BankingLibrary", "BankingLibrary\BankingLibrary.csproj", "{E4AA497A-383A-4EF6-BD1E-39A3ED55BC6B}"
EndProject
Project("{FAE04EC0-301F-11D3-BF4B-00C04F79EFBC}") = "BankLibrary.Tests", "BankLibrary.Tests\BankLibrary.Tests.csproj", "{7B6F4987-97DD-473A-8C5C-3B6946B9EB29}"
EndProject
Global
	GlobalSection(SolutionConfigurationPlatforms) = preSolution
		Debug|Any CPU = Debug|Any CPU
		Release|Any CPU = Release|Any CPU
	EndGlobalSection
	GlobalSection(ProjectConfigurationPlatforms) = postSolution
		{38AA210B-9401-43FD-A96A-8A15E762BAE6}.Debug|Any CPU.ActiveCfg = Debug|Any CPU
		{38AA210B-9401-43FD-A96A-8A15E762BAE6}.Debug|Any CPU.Build.0 = Debug|Any CPU
		{38AA210B-9401-43FD-A96A-8A15E762BAE6}.Release|Any CPU.ActiveCfg = Release|Any CPU
		{38AA210B-9401-43FD-A96A-8A15E762BAE6}.Release|Any CPU.Build.0 = Release|Any CPU
		{E4AA497A-383A-4EF6-BD1E-39A3ED55BC6B}.Debug|Any CPU.ActiveCfg = Debug|Any CPU
		{E4AA497A-383A-4EF6-BD1E-39A3ED55BC6B}.Debug|Any CPU.Build.0 = Debug|Any CPU
		{E4AA497A-383A-4EF6-BD1E-39A3ED55BC6B}.Release|Any CPU.ActiveCfg = Release|Any CPU
		{E4AA497A-383A-4EF6-BD1E-39A3ED55BC6B}.Release|Any CPU.Build.0 = Release|Any CPU
		{7B6F4987-97DD-473A-8C5C-3B6946B9EB29}.Debug|Any CPU.ActiveCfg = Debug|Any CPU
		{7B6F4987-97DD-473A-8C5C-3B6946B9EB29}.Debug|Any CPU.Build.0 = Debug|Any CPU
		{7B6F4987-97DD-473A-8C5C-3B6946B9EB29}.Release|Any CPU.ActiveCfg = Release|Any CPU
		{7B6F4987-97DD-473A-8C5C-3B6946B9EB29}.Release|Any CPU.Build.0 = Release|Any CPU
	EndGlobalSection
	GlobalSection(SolutionProperties) = preSolution
		HideSolutionNode = FALSE
	EndGlobalSection
	GlobalSection(ExtensibilityGlobals) = postSolution
		SolutionGuid = {3DE35561-9FBD-43F3-8282-A60B15093BA6}
	EndGlobalSection
EndGlobal
